
Microsoft Visual Studio Solution File, Format Version 12.00
# Visual Studio 15
VisualStudioVersion = 15.0.28010.2046
MinimumVisualStudioVersion = 10.0.40219.1
Project("{159641D6-6404-4A2A-AE62-294DE0FE8301}") = "WWI ETL SSIS Vertica", "WWI ETL SSIS Vertica\WWI ETL SSIS Vertica.dtproj", "{2E172A37-F892-48E7-AFCD-95BE9A5BC24E}"
EndProject
Global
	GlobalSection(SolutionConfigurationPlatforms) = preSolution
		Development|Default = Development|Default
	EndGlobalSection
	GlobalSection(ProjectConfigurationPlatforms) = postSolution
		{2E172A37-F892-48E7-AFCD-95BE9A5BC24E}.Development|Default.ActiveCfg = Development
		{2E172A37-F892-48E7-AFCD-95BE9A5BC24E}.Development|Default.Build.0 = Development
	EndGlobalSection
	GlobalSection(SolutionProperties) = preSolution
		HideSolutionNode = FALSE
	EndGlobalSection
	GlobalSection(ExtensibilityGlobals) = postSolution
		SolutionGuid = {575BFAF7-3FFB-4F61-ACB8-12BA4E2E538E}
	EndGlobalSection
EndGlobal
